// !$*UTF8*$!
{
	archiveVersion = 1;
	classes = {
	};
	objectVersion = 50;
	objects = {

/* Begin PBXBuildFile section */
		82495C372553B8B5004D7024 /* AppDelegate.swift in Sources */ = {isa = PBXBuildFile; fileRef = 82495C362553B8B5004D7024 /* AppDelegate.swift */; };
		82495C392553B8B5004D7024 /* SceneDelegate.swift in Sources */ = {isa = PBXBuildFile; fileRef = 82495C382553B8B5004D7024 /* SceneDelegate.swift */; };
		82495C3B2553B8B5004D7024 /* ViewController.swift in Sources */ = {isa = PBXBuildFile; fileRef = 82495C3A2553B8B5004D7024 /* ViewController.swift */; };
		82495C3E2553B8B5004D7024 /* Main.storyboard in Resources */ = {isa = PBXBuildFile; fileRef = 82495C3C2553B8B5004D7024 /* Main.storyboard */; };
		82495C402553B8B6004D7024 /* Assets.xcassets in Resources */ = {isa = PBXBuildFile; fileRef = 82495C3F2553B8B6004D7024 /* Assets.xcassets */; };
		82495C432553B8B6004D7024 /* LaunchScreen.storyboard in Resources */ = {isa = PBXBuildFile; fileRef = 82495C412553B8B6004D7024 /* LaunchScreen.storyboard */; };
		82495C4E2553B8B6004D7024 /* CollectionViewTests.swift in Sources */ = {isa = PBXBuildFile; fileRef = 82495C4D2553B8B6004D7024 /* CollectionViewTests.swift */; };
		82495C592553B8B6004D7024 /* CollectionViewUITests.swift in Sources */ = {isa = PBXBuildFile; fileRef = 82495C582553B8B6004D7024 /* CollectionViewUITests.swift */; };
/* End PBXBuildFile section */

/* Begin PBXContainerItemProxy section */
		82495C4A2553B8B6004D7024 /* PBXContainerItemProxy */ = {
			isa = PBXContainerItemProxy;
			containerPortal = 82495C2B2553B8B5004D7024 /* Project object */;
			proxyType = 1;
			remoteGlobalIDString = 82495C322553B8B5004D7024;
			remoteInfo = CollectionView;
		};
		82495C552553B8B6004D7024 /* PBXContainerItemProxy */ = {
			isa = PBXContainerItemProxy;
			containerPortal = 82495C2B2553B8B5004D7024 /* Project object */;
			proxyType = 1;
			remoteGlobalIDString = 82495C322553B8B5004D7024;
			remoteInfo = CollectionView;
		};
/* End PBXContainerItemProxy section */

/* Begin PBXFileReference section */
		82495C332553B8B5004D7024 /* CollectionView.app */ = {isa = PBXFileReference; explicitFileType = wrapper.application; includeInIndex = 0; path = CollectionView.app; sourceTree = BUILT_PRODUCTS_DIR; };
		82495C362553B8B5004D7024 /* AppDelegate.swift */ = {isa = PBXFileReference; lastKnownFileType = sourcecode.swift; path = AppDelegate.swift; sourceTree = "<group>"; };
		82495C382553B8B5004D7024 /* SceneDelegate.swift */ = {isa = PBXFileReference; lastKnownFileType = sourcecode.swift; path = SceneDelegate.swift; sourceTree = "<group>"; };
		82495C3A2553B8B5004D7024 /* ViewController.swift */ = {isa = PBXFileReference; lastKnownFileType = sourcecode.swift; path = ViewController.swift; sourceTree = "<group>"; };
		82495C3D2553B8B5004D7024 /* Base */ = {isa = PBXFileReference; lastKnownFileType = file.storyboard; name = Base; path = Base.lproj/Main.storyboard; sourceTree = "<group>"; };
		82495C3F2553B8B6004D7024 /* Assets.xcassets */ = {isa = PBXFileReference; lastKnownFileType = folder.assetcatalog; path = Assets.xcassets; sourceTree = "<group>"; };
		82495C422553B8B6004D7024 /* Base */ = {isa = PBXFileReference; lastKnownFileType = file.storyboard; name = Base; path = Base.lproj/LaunchScreen.storyboard; sourceTree = "<group>"; };
		82495C442553B8B6004D7024 /* Info.plist */ = {isa = PBXFileReference; lastKnownFileType = text.plist.xml; path = Info.plist; sourceTree = "<group>"; };
		82495C492553B8B6004D7024 /* CollectionViewTests.xctest */ = {isa = PBXFileReference; explicitFileType = wrapper.cfbundle; includeInIndex = 0; path = CollectionViewTests.xctest; sourceTree = BUILT_PRODUCTS_DIR; };
		82495C4D2553B8B6004D7024 /* CollectionViewTests.swift */ = {isa = PBXFileReference; lastKnownFileType = sourcecode.swift; path = CollectionViewTests.swift; sourceTree = "<group>"; };
		82495C4F2553B8B6004D7024 /* Info.plist */ = {isa = PBXFileReference; lastKnownFileType = text.plist.xml; path = Info.plist; sourceTree = "<group>"; };
		82495C542553B8B6004D7024 /* CollectionViewUITests.xctest */ = {isa = PBXFileReference; explicitFileType = wrapper.cfbundle; includeInIndex = 0; path = CollectionViewUITests.xctest; sourceTree = BUILT_PRODUCTS_DIR; };
		82495C582553B8B6004D7024 /* CollectionViewUITests.swift */ = {isa = PBXFileReference; lastKnownFileType = sourcecode.swift; path = CollectionViewUITests.swift; sourceTree = "<group>"; };
		82495C5A2553B8B6004D7024 /* Info.plist */ = {isa = PBXFileReference; lastKnownFileType = text.plist.xml; path = Info.plist; sourceTree = "<group>"; };
/* End PBXFileReference section */

/* Begin PBXFrameworksBuildPhase section */
		82495C302553B8B5004D7024 /* Frameworks */ = {
			isa = PBXFrameworksBuildPhase;
			buildActionMask = 2147483647;
			files = (
			);
			runOnlyForDeploymentPostprocessing = 0;
		};
		82495C462553B8B6004D7024 /* Frameworks */ = {
			isa = PBXFrameworksBuildPhase;
			buildActionMask = 2147483647;
			files = (
			);
			runOnlyForDeploymentPostprocessing = 0;
		};
		82495C512553B8B6004D7024 /* Frameworks */ = {
			isa = PBXFrameworksBuildPhase;
			buildActionMask = 2147483647;
			files = (
			);
			runOnlyForDeploymentPostprocessing = 0;
		};
/* End PBXFrameworksBuildPhase section */

/* Begin PBXGroup section */
		82495C2A2553B8B5004D7024 = {
			isa = PBXGroup;
			children = (
				82495C352553B8B5004D7024 /* CollectionView */,
				82495C4C2553B8B6004D7024 /* CollectionViewTests */,
				82495C572553B8B6004D7024 /* CollectionViewUITests */,
				82495C342553B8B5004D7024 /* Products */,
			);
			sourceTree = "<group>";
		};
		82495C342553B8B5004D7024 /* Products */ = {
			isa = PBXGroup;
			children = (
				82495C332553B8B5004D7024 /* CollectionView.app */,
				82495C492553B8B6004D7024 /* CollectionViewTests.xctest */,
				82495C542553B8B6004D7024 /* CollectionViewUITests.xctest */,
			);
			name = Products;
			sourceTree = "<group>";
		};
		82495C352553B8B5004D7024 /* CollectionView */ = {
			isa = PBXGroup;
			children = (
				82495C362553B8B5004D7024 /* AppDelegate.swift */,
				82495C382553B8B5004D7024 /* SceneDelegate.swift */,
				82495C3A2553B8B5004D7024 /* ViewController.swift */,
				82495C3C2553B8B5004D7024 /* Main.storyboard */,
				82495C3F2553B8B6004D7024 /* Assets.xcassets */,
				82495C412553B8B6004D7024 /* LaunchScreen.storyboard */,
				82495C442553B8B6004D7024 /* Info.plist */,
			);
			path = CollectionView;
			sourceTree = "<group>";
		};
		82495C4C2553B8B6004D7024 /* CollectionViewTests */ = {
			isa = PBXGroup;
			children = (
				82495C4D2553B8B6004D7024 /* CollectionViewTests.swift */,
				82495C4F2553B8B6004D7024 /* Info.plist */,
			);
			path = CollectionViewTests;
			sourceTree = "<group>";
		};
		82495C572553B8B6004D7024 /* CollectionViewUITests */ = {
			isa = PBXGroup;
			children = (
				82495C582553B8B6004D7024 /* CollectionViewUITests.swift */,
				82495C5A2553B8B6004D7024 /* Info.plist */,
			);
			path = CollectionViewUITests;
			sourceTree = "<group>";
		};
/* End PBXGroup section */

/* Begin PBXNativeTarget section */
		82495C322553B8B5004D7024 /* CollectionView */ = {
			isa = PBXNativeTarget;
			buildConfigurationList = 82495C5D2553B8B6004D7024 /* Build configuration list for PBXNativeTarget "CollectionView" */;
			buildPhases = (
				82495C2F2553B8B5004D7024 /* Sources */,
				82495C302553B8B5004D7024 /* Frameworks */,
				82495C312553B8B5004D7024 /* Resources */,
			);
			buildRules = (
			);
			dependencies = (
			);
			name = CollectionView;
			productName = CollectionView;
			productReference = 82495C332553B8B5004D7024 /* CollectionView.app */;
			productType = "com.apple.product-type.application";
		};
		82495C482553B8B6004D7024 /* CollectionViewTests */ = {
			isa = PBXNativeTarget;
			buildConfigurationList = 82495C602553B8B6004D7024 /* Build configuration list for PBXNativeTarget "CollectionViewTests" */;
			buildPhases = (
				82495C452553B8B6004D7024 /* Sources */,
				82495C462553B8B6004D7024 /* Frameworks */,
				82495C472553B8B6004D7024 /* Resources */,
			);
			buildRules = (
			);
			dependencies = (
				82495C4B2553B8B6004D7024 /* PBXTargetDependency */,
			);
			name = CollectionViewTests;
			productName = CollectionViewTests;
			productReference = 82495C492553B8B6004D7024 /* CollectionViewTests.xctest */;
			productType = "com.apple.product-type.bundle.unit-test";
		};
		82495C532553B8B6004D7024 /* CollectionViewUITests */ = {
			isa = PBXNativeTarget;
			buildConfigurationList = 82495C632553B8B6004D7024 /* Build configuration list for PBXNativeTarget "CollectionViewUITests" */;
			buildPhases = (
				82495C502553B8B6004D7024 /* Sources */,
				82495C512553B8B6004D7024 /* Frameworks */,
				82495C522553B8B6004D7024 /* Resources */,
			);
			buildRules = (
			);
			dependencies = (
				82495C562553B8B6004D7024 /* PBXTargetDependency */,
			);
			name = CollectionViewUITests;
			productName = CollectionViewUITests;
			productReference = 82495C542553B8B6004D7024 /* CollectionViewUITests.xctest */;
			productType = "com.apple.product-type.bundle.ui-testing";
		};
/* End PBXNativeTarget section */

/* Begin PBXProject section */
		82495C2B2553B8B5004D7024 /* Project object */ = {
			isa = PBXProject;
			attributes = {
				LastSwiftUpdateCheck = 1210;
				LastUpgradeCheck = 1210;
				TargetAttributes = {
					82495C322553B8B5004D7024 = {
						CreatedOnToolsVersion = 12.1;
					};
					82495C482553B8B6004D7024 = {
						CreatedOnToolsVersion = 12.1;
						TestTargetID = 82495C322553B8B5004D7024;
					};
					82495C532553B8B6004D7024 = {
						CreatedOnToolsVersion = 12.1;
						TestTargetID = 82495C322553B8B5004D7024;
					};
				};
			};
			buildConfigurationList = 82495C2E2553B8B5004D7024 /* Build configuration list for PBXProject "CollectionView" */;
			compatibilityVersion = "Xcode 9.3";
			developmentRegion = en;
			hasScannedForEncodings = 0;
			knownRegions = (
				en,
				Base,
			);
			mainGroup = 82495C2A2553B8B5004D7024;
			productRefGroup = 82495C342553B8B5004D7024 /* Products */;
			projectDirPath = "";
			projectRoot = "";
			targets = (
				82495C322553B8B5004D7024 /* CollectionView */,
				82495C482553B8B6004D7024 /* CollectionViewTests */,
				82495C532553B8B6004D7024 /* CollectionViewUITests */,
			);
		};
/* End PBXProject section */

/* Begin PBXResourcesBuildPhase section */
		82495C312553B8B5004D7024 /* Resources */ = {
			isa = PBXResourcesBuildPhase;
			buildActionMask = 2147483647;
			files = (
				82495C432553B8B6004D7024 /* LaunchScreen.storyboard in Resources */,
				82495C402553B8B6004D7024 /* Assets.xcassets in Resources */,
				82495C3E2553B8B5004D7024 /* Main.storyboard in Resources */,
			);
			runOnlyForDeploymentPostprocessing = 0;
		};
		82495C472553B8B6004D7024 /* Resources */ = {
			isa = PBXResourcesBuildPhase;
			buildActionMask = 2147483647;
			files = (
			);
			runOnlyForDeploymentPostprocessing = 0;
		};
		82495C522553B8B6004D7024 /* Resources */ = {
			isa = PBXResourcesBuildPhase;
			buildActionMask = 2147483647;
			files = (
			);
			runOnlyForDeploymentPostprocessing = 0;
		};
/* End PBXResourcesBuildPhase section */

/* Begin PBXSourcesBuildPhase section */
		82495C2F2553B8B5004D7024 /* Sources */ = {
			isa = PBXSourcesBuildPhase;
			buildActionMask = 2147483647;
			files = (
				82495C3B2553B8B5004D7024 /* ViewController.swift in Sources */,
				82495C372553B8B5004D7024 /* AppDelegate.swift in Sources */,
				82495C392553B8B5004D7024 /* SceneDelegate.swift in Sources */,
			);
			runOnlyForDeploymentPostprocessing = 0;
		};
		82495C452553B8B6004D7024 /* Sources */ = {
			isa = PBXSourcesBuildPhase;
			buildActionMask = 2147483647;
			files = (
				82495C4E2553B8B6004D7024 /* CollectionViewTests.swift in Sources */,
			);
			runOnlyForDeploymentPostprocessing = 0;
		};
		82495C502553B8B6004D7024 /* Sources */ = {
			isa = PBXSourcesBuildPhase;
			buildActionMask = 2147483647;
			files = (
				82495C592553B8B6004D7024 /* CollectionViewUITests.swift in Sources */,
			);
			runOnlyForDeploymentPostprocessing = 0;
		};
/* End PBXSourcesBuildPhase section */

/* Begin PBXTargetDependency section */
		82495C4B2553B8B6004D7024 /* PBXTargetDependency */ = {
			isa = PBXTargetDependency;
			target = 82495C322553B8B5004D7024 /* CollectionView */;
			targetProxy = 82495C4A2553B8B6004D7024 /* PBXContainerItemProxy */;
		};
		82495C562553B8B6004D7024 /* PBXTargetDependency */ = {
			isa = PBXTargetDependency;
			target = 82495C322553B8B5004D7024 /* CollectionView */;
			targetProxy = 82495C552553B8B6004D7024 /* PBXContainerItemProxy */;
		};
/* End PBXTargetDependency section */

/* Begin PBXVariantGroup section */
		82495C3C2553B8B5004D7024 /* Main.storyboard */ = {
			isa = PBXVariantGroup;
			children = (
				82495C3D2553B8B5004D7024 /* Base */,
			);
			name = Main.storyboard;
			sourceTree = "<group>";
		};
		82495C412553B8B6004D7024 /* LaunchScreen.storyboard */ = {
			isa = PBXVariantGroup;
			children = (
				82495C422553B8B6004D7024 /* Base */,
			);
			name = LaunchScreen.storyboard;
			sourceTree = "<group>";
		};
/* End PBXVariantGroup section */

/* Begin XCBuildConfiguration section */
		82495C5B2553B8B6004D7024 /* Debug */ = {
			isa = XCBuildConfiguration;
			buildSettings = {
				ALWAYS_SEARCH_USER_PATHS = NO;
				CLANG_ANALYZER_NONNULL = YES;
				CLANG_ANALYZER_NUMBER_OBJECT_CONVERSION = YES_AGGRESSIVE;
				CLANG_CXX_LANGUAGE_STANDARD = "gnu++14";
				CLANG_CXX_LIBRARY = "libc++";
				CLANG_ENABLE_MODULES = YES;
				CLANG_ENABLE_OBJC_ARC = YES;
				CLANG_ENABLE_OBJC_WEAK = YES;
				CLANG_WARN_BLOCK_CAPTURE_AUTORELEASING = YES;
				CLANG_WARN_BOOL_CONVERSION = YES;
				CLANG_WARN_COMMA = YES;
				CLANG_WARN_CONSTANT_CONVERSION = YES;
				CLANG_WARN_DEPRECATED_OBJC_IMPLEMENTATIONS = YES;
				CLANG_WARN_DIRECT_OBJC_ISA_USAGE = YES_ERROR;
				CLANG_WARN_DOCUMENTATION_COMMENTS = YES;
				CLANG_WARN_EMPTY_BODY = YES;
				CLANG_WARN_ENUM_CONVERSION = YES;
				CLANG_WARN_INFINITE_RECURSION = YES;
				CLANG_WARN_INT_CONVERSION = YES;
				CLANG_WARN_NON_LITERAL_NULL_CONVERSION = YES;
				CLANG_WARN_OBJC_IMPLICIT_RETAIN_SELF = YES;
				CLANG_WARN_OBJC_LITERAL_CONVERSION = YES;
				CLANG_WARN_OBJC_ROOT_CLASS = YES_ERROR;
				CLANG_WARN_QUOTED_INCLUDE_IN_FRAMEWORK_HEADER = YES;
				CLANG_WARN_RANGE_LOOP_ANALYSIS = YES;
				CLANG_WARN_STRICT_PROTOTYPES = YES;
				CLANG_WARN_SUSPICIOUS_MOVE = YES;
				CLANG_WARN_UNGUARDED_AVAILABILITY = YES_AGGRESSIVE;
				CLANG_WARN_UNREACHABLE_CODE = YES;
				CLANG_WARN__DUPLICATE_METHOD_MATCH = YES;
				COPY_PHASE_STRIP = NO;
				DEBUG_INFORMATION_FORMAT = dwarf;
				ENABLE_STRICT_OBJC_MSGSEND = YES;
				ENABLE_TESTABILITY = YES;
				GCC_C_LANGUAGE_STANDARD = gnu11;
				GCC_DYNAMIC_NO_PIC = NO;
				GCC_NO_COMMON_BLOCKS = YES;
				GCC_OPTIMIZATION_LEVEL = 0;
				GCC_PREPROCESSOR_DEFINITIONS = (
					"DEBUG=1",
					"$(inherited)",
				);
				GCC_WARN_64_TO_32_BIT_CONVERSION = YES;
				GCC_WARN_ABOUT_RETURN_TYPE = YES_ERROR;
				GCC_WARN_UNDECLARED_SELECTOR = YES;
				GCC_WARN_UNINITIALIZED_AUTOS = YES_AGGRESSIVE;
				GCC_WARN_UNUSED_FUNCTION = YES;
				GCC_WARN_UNUSED_VARIABLE = YES;
				IPHONEOS_DEPLOYMENT_TARGET = 14.1;
				MTL_ENABLE_DEBUG_INFO = INCLUDE_SOURCE;
				MTL_FAST_MATH = YES;
				ONLY_ACTIVE_ARCH = YES;
				SDKROOT = iphoneos;
				SWIFT_ACTIVE_COMPILATION_CONDITIONS = DEBUG;
				SWIFT_OPTIMIZATION_LEVEL = "-Onone";
			};
			name = Debug;
		};
		82495C5C2553B8B6004D7024 /* Release */ = {
			isa = XCBuildConfiguration;
			buildSettings = {
				ALWAYS_SEARCH_USER_PATHS = NO;
				CLANG_ANALYZER_NONNULL = YES;
				CLANG_ANALYZER_NUMBER_OBJECT_CONVERSION = YES_AGGRESSIVE;
				CLANG_CXX_LANGUAGE_STANDARD = "gnu++14";
				CLANG_CXX_LIBRARY = "libc++";
				CLANG_ENABLE_MODULES = YES;
				CLANG_ENABLE_OBJC_ARC = YES;
				CLANG_ENABLE_OBJC_WEAK = YES;
				CLANG_WARN_BLOCK_CAPTURE_AUTORELEASING = YES;
				CLANG_WARN_BOOL_CONVERSION = YES;
				CLANG_WARN_COMMA = YES;
				CLANG_WARN_CONSTANT_CONVERSION = YES;
				CLANG_WARN_DEPRECATED_OBJC_IMPLEMENTATIONS = YES;
				CLANG_WARN_DIRECT_OBJC_ISA_USAGE = YES_ERROR;
				CLANG_WARN_DOCUMENTATION_COMMENTS = YES;
				CLANG_WARN_EMPTY_BODY = YES;
				CLANG_WARN_ENUM_CONVERSION = YES;
				CLANG_WARN_INFINITE_RECURSION = YES;
				CLANG_WARN_INT_CONVERSION = YES;
				CLANG_WARN_NON_LITERAL_NULL_CONVERSION = YES;
				CLANG_WARN_OBJC_IMPLICIT_RETAIN_SELF = YES;
				CLANG_WARN_OBJC_LITERAL_CONVERSION = YES;
				CLANG_WARN_OBJC_ROOT_CLASS = YES_ERROR;
				CLANG_WARN_QUOTED_INCLUDE_IN_FRAMEWORK_HEADER = YES;
				CLANG_WARN_RANGE_LOOP_ANALYSIS = YES;
				CLANG_WARN_STRICT_PROTOTYPES = YES;
				CLANG_WARN_SUSPICIOUS_MOVE = YES;
				CLANG_WARN_UNGUARDED_AVAILABILITY = YES_AGGRESSIVE;
				CLANG_WARN_UNREACHABLE_CODE = YES;
				CLANG_WARN__DUPLICATE_METHOD_MATCH = YES;
				COPY_PHASE_STRIP = NO;
				DEBUG_INFORMATION_FORMAT = "dwarf-with-dsym";
				ENABLE_NS_ASSERTIONS = NO;
				ENABLE_STRICT_OBJC_MSGSEND = YES;
				GCC_C_LANGUAGE_STANDARD = gnu11;
				GCC_NO_COMMON_BLOCKS = YES;
				GCC_WARN_64_TO_32_BIT_CONVERSION = YES;
				GCC_WARN_ABOUT_RETURN_TYPE = YES_ERROR;
				GCC_WARN_UNDECLARED_SELECTOR = YES;
				GCC_WARN_UNINITIALIZED_AUTOS = YES_AGGRESSIVE;
				GCC_WARN_UNUSED_FUNCTION = YES;
				GCC_WARN_UNUSED_VARIABLE = YES;
				IPHONEOS_DEPLOYMENT_TARGET = 14.1;
				MTL_ENABLE_DEBUG_INFO = NO;
				MTL_FAST_MATH = YES;
				SDKROOT = iphoneos;
				SWIFT_COMPILATION_MODE = wholemodule;
				SWIFT_OPTIMIZATION_LEVEL = "-O";
				VALIDATE_PRODUCT = YES;
			};
			name = Release;
		};
		82495C5E2553B8B6004D7024 /* Debug */ = {
			isa = XCBuildConfiguration;
			buildSettings = {
				ASSETCATALOG_COMPILER_APPICON_NAME = AppIcon;
				ASSETCATALOG_COMPILER_GLOBAL_ACCENT_COLOR_NAME = AccentColor;
				CODE_SIGN_STYLE = Automatic;
				DEVELOPMENT_TEAM = KHJQ79WF55;
				INFOPLIST_FILE = CollectionView/Info.plist;
				LD_RUNPATH_SEARCH_PATHS = (
					"$(inherited)",
					"@executable_path/Frameworks",
				);
				PRODUCT_BUNDLE_IDENTIFIER = com.makoto.CollectionView;
				PRODUCT_NAME = "$(TARGET_NAME)";
				SWIFT_VERSION = 5.0;
				TARGETED_DEVICE_FAMILY = 1;
			};
			name = Debug;
		};
		82495C5F2553B8B6004D7024 /* Release */ = {
			isa = XCBuildConfiguration;
			buildSettings = {
				ASSETCATALOG_COMPILER_APPICON_NAME = AppIcon;
				ASSETCATALOG_COMPILER_GLOBAL_ACCENT_COLOR_NAME = AccentColor;
				CODE_SIGN_STYLE = Automatic;
				DEVELOPMENT_TEAM = KHJQ79WF55;
				INFOPLIST_FILE = CollectionView/Info.plist;
				LD_RUNPATH_SEARCH_PATHS = (
					"$(inherited)",
					"@executable_path/Frameworks",
				);
				PRODUCT_BUNDLE_IDENTIFIER = com.makoto.CollectionView;
				PRODUCT_NAME = "$(TARGET_NAME)";
				SWIFT_VERSION = 5.0;
				TARGETED_DEVICE_FAMILY = 1;
			};
			name = Release;
		};
		82495C612553B8B6004D7024 /* Debug */ = {
			isa = XCBuildConfiguration;
			buildSettings = {
				ALWAYS_EMBED_SWIFT_STANDARD_LIBRARIES = YES;
				BUNDLE_LOADER = "$(TEST_HOST)";
				CODE_SIGN_STYLE = Automatic;
				DEVELOPMENT_TEAM = KHJQ79WF55;
				INFOPLIST_FILE = CollectionViewTests/Info.plist;
				IPHONEOS_DEPLOYMENT_TARGET = 14.1;
				LD_RUNPATH_SEARCH_PATHS = (
					"$(inherited)",
					"@executable_path/Frameworks",
					"@loader_path/Frameworks",
				);
				PRODUCT_BUNDLE_IDENTIFIER = com.makoto.CollectionViewTests;
				PRODUCT_NAME = "$(TARGET_NAME)";
				SWIFT_VERSION = 5.0;
				TARGETED_DEVICE_FAMILY = "1,2";
				TEST_HOST = "$(BUILT_PRODUCTS_DIR)/CollectionView.app/CollectionView";
			};
			name = Debug;
		};
		82495C622553B8B6004D7024 /* Release */ = {
			isa = XCBuildConfiguration;
			buildSettings = {
				ALWAYS_EMBED_SWIFT_STANDARD_LIBRARIES = YES;
				BUNDLE_LOADER = "$(TEST_HOST)";
				CODE_SIGN_STYLE = Automatic;
				DEVELOPMENT_TEAM = KHJQ79WF55;
				INFOPLIST_FILE = CollectionViewTests/Info.plist;
				IPHONEOS_DEPLOYMENT_TARGET = 14.1;
				LD_RUNPATH_SEARCH_PATHS = (
					"$(inherited)",
					"@executable_path/Frameworks",
					"@loader_path/Frameworks",
				);
				PRODUCT_BUNDLE_IDENTIFIER = com.makoto.CollectionViewTests;
				PRODUCT_NAME = "$(TARGET_NAME)";
				SWIFT_VERSION = 5.0;
				TARGETED_DEVICE_FAMILY = "1,2";
				TEST_HOST = "$(BUILT_PRODUCTS_DIR)/CollectionView.app/CollectionView";
			};
			name = Release;
		};
		82495C642553B8B6004D7024 /* Debug */ = {
			isa = XCBuildConfiguration;
			buildSettings = {
				ALWAYS_EMBED_SWIFT_STANDARD_LIBRARIES = YES;
				CODE_SIGN_STYLE = Automatic;
				DEVELOPMENT_TEAM = KHJQ79WF55;
				INFOPLIST_FILE = CollectionViewUITests/Info.plist;
				LD_RUNPATH_SEARCH_PATHS = (
					"$(inherited)",
					"@executable_path/Frameworks",
					"@loader_path/Frameworks",
				);
				PRODUCT_BUNDLE_IDENTIFIER = com.makoto.CollectionViewUITests;
				PRODUCT_NAME = "$(TARGET_NAME)";
				SWIFT_VERSION = 5.0;
				TARGETED_DEVICE_FAMILY = "1,2";
				TEST_TARGET_NAME = CollectionView;
			};
			name = Debug;
		};
		82495C652553B8B6004D7024 /* Release */ = {
			isa = XCBuildConfiguration;
			buildSettings = {
				ALWAYS_EMBED_SWIFT_STANDARD_LIBRARIES = YES;
				CODE_SIGN_STYLE = Automatic;
				DEVELOPMENT_TEAM = KHJQ79WF55;
				INFOPLIST_FILE = CollectionViewUITests/Info.plist;
				LD_RUNPATH_SEARCH_PATHS = (
					"$(inherited)",
					"@executable_path/Frameworks",
					"@loader_path/Frameworks",
				);
				PRODUCT_BUNDLE_IDENTIFIER = com.makoto.CollectionViewUITests;
				PRODUCT_NAME = "$(TARGET_NAME)";
				SWIFT_VERSION = 5.0;
				TARGETED_DEVICE_FAMILY = "1,2";
				TEST_TARGET_NAME = CollectionView;
			};
			name = Release;
		};
/* End XCBuildConfiguration section */

/* Begin XCConfigurationList section */
		82495C2E2553B8B5004D7024 /* Build configuration list for PBXProject "CollectionView" */ = {
			isa = XCConfigurationList;
			buildConfigurations = (
				82495C5B2553B8B6004D7024 /* Debug */,
				82495C5C2553B8B6004D7024 /* Release */,
			);
			defaultConfigurationIsVisible = 0;
			defaultConfigurationName = Release;
		};
		82495C5D2553B8B6004D7024 /* Build configuration list for PBXNativeTarget "CollectionView" */ = {
			isa = XCConfigurationList;
			buildConfigurations = (
				82495C5E2553B8B6004D7024 /* Debug */,
				82495C5F2553B8B6004D7024 /* Release */,
			);
			defaultConfigurationIsVisible = 0;
			defaultConfigurationName = Release;
		};
		82495C602553B8B6004D7024 /* Build configuration list for PBXNativeTarget "CollectionViewTests" */ = {
			isa = XCConfigurationList;
			buildConfigurations = (
				82495C612553B8B6004D7024 /* Debug */,
				82495C622553B8B6004D7024 /* Release */,
			);
			defaultConfigurationIsVisible = 0;
			defaultConfigurationName = Release;
		};
		82495C632553B8B6004D7024 /* Build configuration list for PBXNativeTarget "CollectionViewUITests" */ = {
			isa = XCConfigurationList;
			buildConfigurations = (
				82495C642553B8B6004D7024 /* Debug */,
				82495C652553B8B6004D7024 /* Release */,
			);
			defaultConfigurationIsVisible = 0;
			defaultConfigurationName = Release;
		};
/* End XCConfigurationList section */
	};
	rootObject = 82495C2B2553B8B5004D7024 /* Project object */;
}
